// !$*UTF8*$!
{
	archiveVersion = 1;
	classes = {
	};
	objectVersion = 77;
	objects = {

/* Begin PBXContainerItemProxy section */
		2816DE002D717A0400A224FD /* PBXContainerItemProxy */ = {
			isa = PBXContainerItemProxy;
			containerPortal = 2816DDE72D717A0000A224FD /* Project object */;
			proxyType = 1;
			remoteGlobalIDString = 2816DDEE2D717A0000A224FD;
			remoteInfo = Speech_Recogniser;
		};
		2816DE0A2D717A0400A224FD /* PBXContainerItemProxy */ = {
			isa = PBXContainerItemProxy;
			containerPortal = 2816DDE72D717A0000A224FD /* Project object */;
			proxyType = 1;
			remoteGlobalIDString = 2816DDEE2D717A0000A224FD;
			remoteInfo = Speech_Recogniser;
		};
/* End PBXContainerItemProxy section */

/* Begin PBXFileReference section */
		2816DDEF2D717A0000A224FD /* Speech_Recogniser.app */ = {isa = PBXFileReference; explicitFileType = wrapper.application; includeInIndex = 0; path = Speech_Recogniser.app; sourceTree = BUILT_PRODUCTS_DIR; };
		2816DDFF2D717A0400A224FD /* Speech_RecogniserTests.xctest */ = {isa = PBXFileReference; explicitFileType = wrapper.cfbundle; includeInIndex = 0; path = Speech_RecogniserTests.xctest; sourceTree = BUILT_PRODUCTS_DIR; };
		2816DE092D717A0400A224FD /* Speech_RecogniserUITests.xctest */ = {isa = PBXFileReference; explicitFileType = wrapper.cfbundle; includeInIndex = 0; path = Speech_RecogniserUITests.xctest; sourceTree = BUILT_PRODUCTS_DIR; };
/* End PBXFileReference section */

/* Begin PBXFileSystemSynchronizedRootGroup section */
		2816DDF12D717A0000A224FD /* Speech_Recogniser */ = {
			isa = PBXFileSystemSynchronizedRootGroup;
			path = Speech_Recogniser;
			sourceTree = "<group>";
		};
		2816DE022D717A0400A224FD /* Speech_RecogniserTests */ = {
			isa = PBXFileSystemSynchronizedRootGroup;
			path = Speech_RecogniserTests;
			sourceTree = "<group>";
		};
		2816DE0C2D717A0400A224FD /* Speech_RecogniserUITests */ = {
			isa = PBXFileSystemSynchronizedRootGroup;
			path = Speech_RecogniserUITests;
			sourceTree = "<group>";
		};
/* End PBXFileSystemSynchronizedRootGroup section */

/* Begin PBXFrameworksBuildPhase section */
		2816DDEC2D717A0000A224FD /* Frameworks */ = {
			isa = PBXFrameworksBuildPhase;
			buildActionMask = 2147483647;
			files = (
			);
			runOnlyForDeploymentPostprocessing = 0;
		};
		2816DDFC2D717A0400A224FD /* Frameworks */ = {
			isa = PBXFrameworksBuildPhase;
			buildActionMask = 2147483647;
			files = (
			);
			runOnlyForDeploymentPostprocessing = 0;
		};
		2816DE062D717A0400A224FD /* Frameworks */ = {
			isa = PBXFrameworksBuildPhase;
			buildActionMask = 2147483647;
			files = (
			);
			runOnlyForDeploymentPostprocessing = 0;
		};
/* End PBXFrameworksBuildPhase section */

/* Begin PBXGroup section */
		2816DDE62D717A0000A224FD = {
			isa = PBXGroup;
			children = (
				2816DDF12D717A0000A224FD /* Speech_Recogniser */,
				2816DE022D717A0400A224FD /* Speech_RecogniserTests */,
				2816DE0C2D717A0400A224FD /* Speech_RecogniserUITests */,
				2816DDF02D717A0000A224FD /* Products */,
			);
			sourceTree = "<group>";
		};
		2816DDF02D717A0000A224FD /* Products */ = {
			isa = PBXGroup;
			children = (
				2816DDEF2D717A0000A224FD /* Speech_Recogniser.app */,
				2816DDFF2D717A0400A224FD /* Speech_RecogniserTests.xctest */,
				2816DE092D717A0400A224FD /* Speech_RecogniserUITests.xctest */,
			);
			name = Products;
			sourceTree = "<group>";
		};
/* End PBXGroup section */

/* Begin PBXNativeTarget section */
		2816DDEE2D717A0000A224FD /* Speech_Recogniser */ = {
			isa = PBXNativeTarget;
			buildConfigurationList = 2816DE132D717A0400A224FD /* Build configuration list for PBXNativeTarget "Speech_Recogniser" */;
			buildPhases = (
				2816DDEB2D717A0000A224FD /* Sources */,
				2816DDEC2D717A0000A224FD /* Frameworks */,
				2816DDED2D717A0000A224FD /* Resources */,
			);
			buildRules = (
			);
			dependencies = (
			);
			fileSystemSynchronizedGroups = (
				2816DDF12D717A0000A224FD /* Speech_Recogniser */,
			);
			name = Speech_Recogniser;
			packageProductDependencies = (
			);
			productName = Speech_Recogniser;
			productReference = 2816DDEF2D717A0000A224FD /* Speech_Recogniser.app */;
			productType = "com.apple.product-type.application";
		};
		2816DDFE2D717A0400A224FD /* Speech_RecogniserTests */ = {
			isa = PBXNativeTarget;
			buildConfigurationList = 2816DE162D717A0400A224FD /* Build configuration list for PBXNativeTarget "Speech_RecogniserTests" */;
			buildPhases = (
				2816DDFB2D717A0400A224FD /* Sources */,
				2816DDFC2D717A0400A224FD /* Frameworks */,
				2816DDFD2D717A0400A224FD /* Resources */,
			);
			buildRules = (
			);
			dependencies = (
				2816DE012D717A0400A224FD /* PBXTargetDependency */,
			);
			fileSystemSynchronizedGroups = (
				2816DE022D717A0400A224FD /* Speech_RecogniserTests */,
			);
			name = Speech_RecogniserTests;
			packageProductDependencies = (
			);
			productName = Speech_RecogniserTests;
			productReference = 2816DDFF2D717A0400A224FD /* Speech_RecogniserTests.xctest */;
			productType = "com.apple.product-type.bundle.unit-test";
		};
		2816DE082D717A0400A224FD /* Speech_RecogniserUITests */ = {
			isa = PBXNativeTarget;
			buildConfigurationList = 2816DE192D717A0400A224FD /* Build configuration list for PBXNativeTarget "Speech_RecogniserUITests" */;
			buildPhases = (
				2816DE052D717A0400A224FD /* Sources */,
				2816DE062D717A0400A224FD /* Frameworks */,
				2816DE072D717A0400A224FD /* Resources */,
			);
			buildRules = (
			);
			dependencies = (
				2816DE0B2D717A0400A224FD /* PBXTargetDependency */,
			);
			fileSystemSynchronizedGroups = (
				2816DE0C2D717A0400A224FD /* Speech_RecogniserUITests */,
			);
			name = Speech_RecogniserUITests;
			packageProductDependencies = (
			);
			productName = Speech_RecogniserUITests;
			productReference = 2816DE092D717A0400A224FD /* Speech_RecogniserUITests.xctest */;
			productType = "com.apple.product-type.bundle.ui-testing";
		};
/* End PBXNativeTarget section */

/* Begin PBXProject section */
		2816DDE72D717A0000A224FD /* Project object */ = {
			isa = PBXProject;
			attributes = {
				BuildIndependentTargetsInParallel = 1;
				LastSwiftUpdateCheck = 1610;
				LastUpgradeCheck = 1610;
				TargetAttributes = {
					2816DDEE2D717A0000A224FD = {
						CreatedOnToolsVersion = 16.1;
					};
					2816DDFE2D717A0400A224FD = {
						CreatedOnToolsVersion = 16.1;
						TestTargetID = 2816DDEE2D717A0000A224FD;
					};
					2816DE082D717A0400A224FD = {
						CreatedOnToolsVersion = 16.1;
						TestTargetID = 2816DDEE2D717A0000A224FD;
					};
				};
			};
			buildConfigurationList = 2816DDEA2D717A0000A224FD /* Build configuration list for PBXProject "Speech_Recogniser" */;
			developmentRegion = en;
			hasScannedForEncodings = 0;
			knownRegions = (
				en,
				Base,
			);
			mainGroup = 2816DDE62D717A0000A224FD;
			minimizedProjectReferenceProxies = 1;
			preferredProjectObjectVersion = 77;
			productRefGroup = 2816DDF02D717A0000A224FD /* Products */;
			projectDirPath = "";
			projectRoot = "";
			targets = (
				2816DDEE2D717A0000A224FD /* Speech_Recogniser */,
				2816DDFE2D717A0400A224FD /* Speech_RecogniserTests */,
				2816DE082D717A0400A224FD /* Speech_RecogniserUITests */,
			);
		};
/* End PBXProject section */

/* Begin PBXResourcesBuildPhase section */
		2816DDED2D717A0000A224FD /* Resources */ = {
			isa = PBXResourcesBuildPhase;
			buildActionMask = 2147483647;
			files = (
			);
			runOnlyForDeploymentPostprocessing = 0;
		};
		2816DDFD2D717A0400A224FD /* Resources */ = {
			isa = PBXResourcesBuildPhase;
			buildActionMask = 2147483647;
			files = (
			);
			runOnlyForDeploymentPostprocessing = 0;
		};
		2816DE072D717A0400A224FD /* Resources */ = {
			isa = PBXResourcesBuildPhase;
			buildActionMask = 2147483647;
			files = (
			);
			runOnlyForDeploymentPostprocessing = 0;
		};
/* End PBXResourcesBuildPhase section */

/* Begin PBXSourcesBuildPhase section */
		2816DDEB2D717A0000A224FD /* Sources */ = {
			isa = PBXSourcesBuildPhase;
			buildActionMask = 2147483647;
			files = (
			);
			runOnlyForDeploymentPostprocessing = 0;
		};
		2816DDFB2D717A0400A224FD /* Sources */ = {
			isa = PBXSourcesBuildPhase;
			buildActionMask = 2147483647;
			files = (
			);
			runOnlyForDeploymentPostprocessing = 0;
		};
		2816DE052D717A0400A224FD /* Sources */ = {
			isa = PBXSourcesBuildPhase;
			buildActionMask = 2147483647;
			files = (
			);
			runOnlyForDeploymentPostprocessing = 0;
		};
/* End PBXSourcesBuildPhase section */

/* Begin PBXTargetDependency section */
		2816DE012D717A0400A224FD /* PBXTargetDependency */ = {
			isa = PBXTargetDependency;
			target = 2816DDEE2D717A0000A224FD /* Speech_Recogniser */;
			targetProxy = 2816DE002D717A0400A224FD /* PBXContainerItemProxy */;
		};
		2816DE0B2D717A0400A224FD /* PBXTargetDependency */ = {
			isa = PBXTargetDependency;
			target = 2816DDEE2D717A0000A224FD /* Speech_Recogniser */;
			targetProxy = 2816DE0A2D717A0400A224FD /* PBXContainerItemProxy */;
		};
/* End PBXTargetDependency section */

/* Begin XCBuildConfiguration section */
		2816DE112D717A0400A224FD /* Debug */ = {
			isa = XCBuildConfiguration;
			buildSettings = {
				ALWAYS_SEARCH_USER_PATHS = NO;
				ASSETCATALOG_COMPILER_GENERATE_SWIFT_ASSET_SYMBOL_EXTENSIONS = YES;
				CLANG_ANALYZER_NONNULL = YES;
				CLANG_ANALYZER_NUMBER_OBJECT_CONVERSION = YES_AGGRESSIVE;
				CLANG_CXX_LANGUAGE_STANDARD = "gnu++20";
				CLANG_ENABLE_MODULES = YES;
				CLANG_ENABLE_OBJC_ARC = YES;
				CLANG_ENABLE_OBJC_WEAK = YES;
				CLANG_WARN_BLOCK_CAPTURE_AUTORELEASING = YES;
				CLANG_WARN_BOOL_CONVERSION = YES;
				CLANG_WARN_COMMA = YES;
				CLANG_WARN_CONSTANT_CONVERSION = YES;
				CLANG_WARN_DEPRECATED_OBJC_IMPLEMENTATIONS = YES;
				CLANG_WARN_DIRECT_OBJC_ISA_USAGE = YES_ERROR;
				CLANG_WARN_DOCUMENTATION_COMMENTS = YES;
				CLANG_WARN_EMPTY_BODY = YES;
				CLANG_WARN_ENUM_CONVERSION = YES;
				CLANG_WARN_INFINITE_RECURSION = YES;
				CLANG_WARN_INT_CONVERSION = YES;
				CLANG_WARN_NON_LITERAL_NULL_CONVERSION = YES;
				CLANG_WARN_OBJC_IMPLICIT_RETAIN_SELF = YES;
				CLANG_WARN_OBJC_LITERAL_CONVERSION = YES;
				CLANG_WARN_OBJC_ROOT_CLASS = YES_ERROR;
				CLANG_WARN_QUOTED_INCLUDE_IN_FRAMEWORK_HEADER = YES;
				CLANG_WARN_RANGE_LOOP_ANALYSIS = YES;
				CLANG_WARN_STRICT_PROTOTYPES = YES;
				CLANG_WARN_SUSPICIOUS_MOVE = YES;
				CLANG_WARN_UNGUARDED_AVAILABILITY = YES_AGGRESSIVE;
				CLANG_WARN_UNREACHABLE_CODE = YES;
				CLANG_WARN__DUPLICATE_METHOD_MATCH = YES;
				COPY_PHASE_STRIP = NO;
				DEBUG_INFORMATION_FORMAT = dwarf;
				ENABLE_STRICT_OBJC_MSGSEND = YES;
				ENABLE_TESTABILITY = YES;
				ENABLE_USER_SCRIPT_SANDBOXING = YES;
				GCC_C_LANGUAGE_STANDARD = gnu17;
				GCC_DYNAMIC_NO_PIC = NO;
				GCC_NO_COMMON_BLOCKS = YES;
				GCC_OPTIMIZATION_LEVEL = 0;
				GCC_PREPROCESSOR_DEFINITIONS = (
					"DEBUG=1",
					"$(inherited)",
				);
				GCC_WARN_64_TO_32_BIT_CONVERSION = YES;
				GCC_WARN_ABOUT_RETURN_TYPE = YES_ERROR;
				GCC_WARN_UNDECLARED_SELECTOR = YES;
				GCC_WARN_UNINITIALIZED_AUTOS = YES_AGGRESSIVE;
				GCC_WARN_UNUSED_FUNCTION = YES;
				GCC_WARN_UNUSED_VARIABLE = YES;
				IPHONEOS_DEPLOYMENT_TARGET = 18.1;
				LOCALIZATION_PREFERS_STRING_CATALOGS = YES;
				MTL_ENABLE_DEBUG_INFO = INCLUDE_SOURCE;
				MTL_FAST_MATH = YES;
				ONLY_ACTIVE_ARCH = YES;
				SDKROOT = iphoneos;
				SWIFT_ACTIVE_COMPILATION_CONDITIONS = "DEBUG $(inherited)";
				SWIFT_OPTIMIZATION_LEVEL = "-Onone";
			};
			name = Debug;
		};
		2816DE122D717A0400A224FD /* Release */ = {
			isa = XCBuildConfiguration;
			buildSettings = {
				ALWAYS_SEARCH_USER_PATHS = NO;
				ASSETCATALOG_COMPILER_GENERATE_SWIFT_ASSET_SYMBOL_EXTENSIONS = YES;
				CLANG_ANALYZER_NONNULL = YES;
				CLANG_ANALYZER_NUMBER_OBJECT_CONVERSION = YES_AGGRESSIVE;
				CLANG_CXX_LANGUAGE_STANDARD = "gnu++20";
				CLANG_ENABLE_MODULES = YES;
				CLANG_ENABLE_OBJC_ARC = YES;
				CLANG_ENABLE_OBJC_WEAK = YES;
				CLANG_WARN_BLOCK_CAPTURE_AUTORELEASING = YES;
				CLANG_WARN_BOOL_CONVERSION = YES;
				CLANG_WARN_COMMA = YES;
				CLANG_WARN_CONSTANT_CONVERSION = YES;
				CLANG_WARN_DEPRECATED_OBJC_IMPLEMENTATIONS = YES;
				CLANG_WARN_DIRECT_OBJC_ISA_USAGE = YES_ERROR;
				CLANG_WARN_DOCUMENTATION_COMMENTS = YES;
				CLANG_WARN_EMPTY_BODY = YES;
				CLANG_WARN_ENUM_CONVERSION = YES;
				CLANG_WARN_INFINITE_RECURSION = YES;
				CLANG_WARN_INT_CONVERSION = YES;
				CLANG_WARN_NON_LITERAL_NULL_CONVERSION = YES;
				CLANG_WARN_OBJC_IMPLICIT_RETAIN_SELF = YES;
				CLANG_WARN_OBJC_LITERAL_CONVERSION = YES;
				CLANG_WARN_OBJC_ROOT_CLASS = YES_ERROR;
				CLANG_WARN_QUOTED_INCLUDE_IN_FRAMEWORK_HEADER = YES;
				CLANG_WARN_RANGE_LOOP_ANALYSIS = YES;
				CLANG_WARN_STRICT_PROTOTYPES = YES;
				CLANG_WARN_SUSPICIOUS_MOVE = YES;
				CLANG_WARN_UNGUARDED_AVAILABILITY = YES_AGGRESSIVE;
				CLANG_WARN_UNREACHABLE_CODE = YES;
				CLANG_WARN__DUPLICATE_METHOD_MATCH = YES;
				COPY_PHASE_STRIP = NO;
				DEBUG_INFORMATION_FORMAT = "dwarf-with-dsym";
				ENABLE_NS_ASSERTIONS = NO;
				ENABLE_STRICT_OBJC_MSGSEND = YES;
				ENABLE_USER_SCRIPT_SANDBOXING = YES;
				GCC_C_LANGUAGE_STANDARD = gnu17;
				GCC_NO_COMMON_BLOCKS = YES;
				GCC_WARN_64_TO_32_BIT_CONVERSION = YES;
				GCC_WARN_ABOUT_RETURN_TYPE = YES_ERROR;
				GCC_WARN_UNDECLARED_SELECTOR = YES;
				GCC_WARN_UNINITIALIZED_AUTOS = YES_AGGRESSIVE;
				GCC_WARN_UNUSED_FUNCTION = YES;
				GCC_WARN_UNUSED_VARIABLE = YES;
				IPHONEOS_DEPLOYMENT_TARGET = 18.1;
				LOCALIZATION_PREFERS_STRING_CATALOGS = YES;
				MTL_ENABLE_DEBUG_INFO = NO;
				MTL_FAST_MATH = YES;
				SDKROOT = iphoneos;
				SWIFT_COMPILATION_MODE = wholemodule;
				VALIDATE_PRODUCT = YES;
			};
			name = Release;
		};
		2816DE142D717A0400A224FD /* Debug */ = {
			isa = XCBuildConfiguration;
			buildSettings = {
				ASSETCATALOG_COMPILER_APPICON_NAME = AppIcon;
				ASSETCATALOG_COMPILER_GLOBAL_ACCENT_COLOR_NAME = AccentColor;
				CODE_SIGN_STYLE = Automatic;
				CURRENT_PROJECT_VERSION = 1;
				DEVELOPMENT_ASSET_PATHS = "\"Speech_Recogniser/Preview Content\"";
				ENABLE_PREVIEWS = YES;
				GENERATE_INFOPLIST_FILE = YES;
				INFOPLIST_KEY_UIApplicationSceneManifest_Generation = YES;
				INFOPLIST_KEY_UIApplicationSupportsIndirectInputEvents = YES;
				INFOPLIST_KEY_UILaunchScreen_Generation = YES;
				INFOPLIST_KEY_UISupportedInterfaceOrientations_iPad = "UIInterfaceOrientationPortrait UIInterfaceOrientationPortraitUpsideDown UIInterfaceOrientationLandscapeLeft UIInterfaceOrientationLandscapeRight";
				INFOPLIST_KEY_UISupportedInterfaceOrientations_iPhone = "UIInterfaceOrientationPortrait UIInterfaceOrientationLandscapeLeft UIInterfaceOrientationLandscapeRight";
				LD_RUNPATH_SEARCH_PATHS = (
					"$(inherited)",
					"@executable_path/Frameworks",
				);
				MARKETING_VERSION = 1.0;
				PRODUCT_BUNDLE_IDENTIFIER = "com.learning.Speech-Recogniser";
				PRODUCT_NAME = "$(TARGET_NAME)";
				SWIFT_EMIT_LOC_STRINGS = YES;
				SWIFT_VERSION = 5.0;
				TARGETED_DEVICE_FAMILY = "1,2";
			};
			name = Debug;
		};
		2816DE152D717A0400A224FD /* Release */ = {
			isa = XCBuildConfiguration;
			buildSettings = {
				ASSETCATALOG_COMPILER_APPICON_NAME = AppIcon;
				ASSETCATALOG_COMPILER_GLOBAL_ACCENT_COLOR_NAME = AccentColor;
				CODE_SIGN_STYLE = Automatic;
				CURRENT_PROJECT_VERSION = 1;
				DEVELOPMENT_ASSET_PATHS = "\"Speech_Recogniser/Preview Content\"";
				ENABLE_PREVIEWS = YES;
				GENERATE_INFOPLIST_FILE = YES;
				INFOPLIST_KEY_UIApplicationSceneManifest_Generation = YES;
				INFOPLIST_KEY_UIApplicationSupportsIndirectInputEvents = YES;
				INFOPLIST_KEY_UILaunchScreen_Generation = YES;
				INFOPLIST_KEY_UISupportedInterfaceOrientations_iPad = "UIInterfaceOrientationPortrait UIInterfaceOrientationPortraitUpsideDown UIInterfaceOrientationLandscapeLeft UIInterfaceOrientationLandscapeRight";
				INFOPLIST_KEY_UISupportedInterfaceOrientations_iPhone = "UIInterfaceOrientationPortrait UIInterfaceOrientationLandscapeLeft UIInterfaceOrientationLandscapeRight";
				LD_RUNPATH_SEARCH_PATHS = (
					"$(inherited)",
					"@executable_path/Frameworks",
				);
				MARKETING_VERSION = 1.0;
				PRODUCT_BUNDLE_IDENTIFIER = "com.learning.Speech-Recogniser";
				PRODUCT_NAME = "$(TARGET_NAME)";
				SWIFT_EMIT_LOC_STRINGS = YES;
				SWIFT_VERSION = 5.0;
				TARGETED_DEVICE_FAMILY = "1,2";
			};
			name = Release;
		};
		2816DE172D717A0400A224FD /* Debug */ = {
			isa = XCBuildConfiguration;
			buildSettings = {
				BUNDLE_LOADER = "$(TEST_HOST)";
				CODE_SIGN_STYLE = Automatic;
				CURRENT_PROJECT_VERSION = 1;
				GENERATE_INFOPLIST_FILE = YES;
				IPHONEOS_DEPLOYMENT_TARGET = 18.1;
				MARKETING_VERSION = 1.0;
				PRODUCT_BUNDLE_IDENTIFIER = "com.learning.Speech-RecogniserTests";
				PRODUCT_NAME = "$(TARGET_NAME)";
				SWIFT_EMIT_LOC_STRINGS = NO;
				SWIFT_VERSION = 5.0;
				TARGETED_DEVICE_FAMILY = "1,2";
				TEST_HOST = "$(BUILT_PRODUCTS_DIR)/Speech_Recogniser.app/$(BUNDLE_EXECUTABLE_FOLDER_PATH)/Speech_Recogniser";
			};
			name = Debug;
		};
		2816DE182D717A0400A224FD /* Release */ = {
			isa = XCBuildConfiguration;
			buildSettings = {
				BUNDLE_LOADER = "$(TEST_HOST)";
				CODE_SIGN_STYLE = Automatic;
				CURRENT_PROJECT_VERSION = 1;
				GENERATE_INFOPLIST_FILE = YES;
				IPHONEOS_DEPLOYMENT_TARGET = 18.1;
				MARKETING_VERSION = 1.0;
				PRODUCT_BUNDLE_IDENTIFIER = "com.learning.Speech-RecogniserTests";
				PRODUCT_NAME = "$(TARGET_NAME)";
				SWIFT_EMIT_LOC_STRINGS = NO;
				SWIFT_VERSION = 5.0;
				TARGETED_DEVICE_FAMILY = "1,2";
				TEST_HOST = "$(BUILT_PRODUCTS_DIR)/Speech_Recogniser.app/$(BUNDLE_EXECUTABLE_FOLDER_PATH)/Speech_Recogniser";
			};
			name = Release;
		};
		2816DE1A2D717A0400A224FD /* Debug */ = {
			isa = XCBuildConfiguration;
			buildSettings = {
				CODE_SIGN_STYLE = Automatic;
				CURRENT_PROJECT_VERSION = 1;
				GENERATE_INFOPLIST_FILE = YES;
				MARKETING_VERSION = 1.0;
				PRODUCT_BUNDLE_IDENTIFIER = "com.learning.Speech-RecogniserUITests";
				PRODUCT_NAME = "$(TARGET_NAME)";
				SWIFT_EMIT_LOC_STRINGS = NO;
				SWIFT_VERSION = 5.0;
				TARGETED_DEVICE_FAMILY = "1,2";
				TEST_TARGET_NAME = Speech_Recogniser;
			};
			name = Debug;
		};
		2816DE1B2D717A0400A224FD /* Release */ = {
			isa = XCBuildConfiguration;
			buildSettings = {
				CODE_SIGN_STYLE = Automatic;
				CURRENT_PROJECT_VERSION = 1;
				GENERATE_INFOPLIST_FILE = YES;
				MARKETING_VERSION = 1.0;
				PRODUCT_BUNDLE_IDENTIFIER = "com.learning.Speech-RecogniserUITests";
				PRODUCT_NAME = "$(TARGET_NAME)";
				SWIFT_EMIT_LOC_STRINGS = NO;
				SWIFT_VERSION = 5.0;
				TARGETED_DEVICE_FAMILY = "1,2";
				TEST_TARGET_NAME = Speech_Recogniser;
			};
			name = Release;
		};
/* End XCBuildConfiguration section */

/* Begin XCConfigurationList section */
		2816DDEA2D717A0000A224FD /* Build configuration list for PBXProject "Speech_Recogniser" */ = {
			isa = XCConfigurationList;
			buildConfigurations = (
				2816DE112D717A0400A224FD /* Debug */,
				2816DE122D717A0400A224FD /* Release */,
			);
			defaultConfigurationIsVisible = 0;
			defaultConfigurationName = Release;
		};
		2816DE132D717A0400A224FD /* Build configuration list for PBXNativeTarget "Speech_Recogniser" */ = {
			isa = XCConfigurationList;
			buildConfigurations = (
				2816DE142D717A0400A224FD /* Debug */,
				2816DE152D717A0400A224FD /* Release */,
			);
			defaultConfigurationIsVisible = 0;
			defaultConfigurationName = Release;
		};
		2816DE162D717A0400A224FD /* Build configuration list for PBXNativeTarget "Speech_RecogniserTests" */ = {
			isa = XCConfigurationList;
			buildConfigurations = (
				2816DE172D717A0400A224FD /* Debug */,
				2816DE182D717A0400A224FD /* Release */,
			);
			defaultConfigurationIsVisible = 0;
			defaultConfigurationName = Release;
		};
		2816DE192D717A0400A224FD /* Build configuration list for PBXNativeTarget "Speech_RecogniserUITests" */ = {
			isa = XCConfigurationList;
			buildConfigurations = (
				2816DE1A2D717A0400A224FD /* Debug */,
				2816DE1B2D717A0400A224FD /* Release */,
			);
			defaultConfigurationIsVisible = 0;
			defaultConfigurationName = Release;
		};
/* End XCConfigurationList section */
	};
	rootObject = 2816DDE72D717A0000A224FD /* Project object */;
}
